
Microsoft Visual Studio Solution File, Format Version 12.00
# Visual Studio 2013
VisualStudioVersion = 12.0.21005.1
MinimumVisualStudioVersion = 10.0.40219.1
Project("{FAE04EC0-301F-11D3-BF4B-00C04F79EFBC}") = "Tisonet.DataMining.FrequentItemsets", "Tisonet.DataMining.FrequentItemsets\Tisonet.DataMining.FrequentItemsets.csproj", "{3B28B0B8-B9D9-4B5D-A83D-595FE8268CFE}"
EndProject
Project("{FAE04EC0-301F-11D3-BF4B-00C04F79EFBC}") = "Tisonet.DataMining", "Tisonet.DataMining\Tisonet.DataMining.csproj", "{6E13F126-1B54-46A4-916F-7397BD2D9C58}"
EndProject
Project("{FAE04EC0-301F-11D3-BF4B-00C04F79EFBC}") = "Tisonet.DataMining.Tests", "Tisonet.DataMining.Tests\Tisonet.DataMining.Tests.csproj", "{9CF84984-57CA-4190-8AE5-7EF587DB5799}"
EndProject
Project("{FAE04EC0-301F-11D3-BF4B-00C04F79EFBC}") = "Tisonet.DataMining.DataSets", "Tisonet.DataMining.DataSets\Tisonet.DataMining.DataSets.csproj", "{7F139169-0EC4-4C6D-A42A-6ABD217CEDCF}"
EndProject
Project("{FAE04EC0-301F-11D3-BF4B-00C04F79EFBC}") = "Tisonet.DataMining.Bechmark", "Tisonet.DataMining.Bechmark\Tisonet.DataMining.Bechmark.csproj", "{F9C50D91-439E-4A8F-BA92-7D8F454226AE}"
EndProject
Project("{FAE04EC0-301F-11D3-BF4B-00C04F79EFBC}") = "Tisonet.DataMining.Host", "Tisonet.DataMining.Console\Tisonet.DataMining.Host.csproj", "{1D9FF1ED-60A6-4A49-889B-9571BAD7B617}"
EndProject
Global
	GlobalSection(TeamFoundationVersionControl) = preSolution
		SccNumberOfProjects = 7
		SccEnterpriseProvider = {4CA58AB2-18FA-4F8D-95D4-32DDF27D184C}
		SccTeamFoundationServer = https://tfs.codeplex.com/tfs/tfs35
		SccLocalPath0 = .
		SccProjectUniqueName1 = Tisonet.DataMining.Bechmark\\Tisonet.DataMining.Bechmark.csproj
		SccProjectName1 = Tisonet.DataMining.Bechmark
		SccLocalPath1 = Tisonet.DataMining.Bechmark
		SccProjectUniqueName2 = Tisonet.DataMining.Console\\Tisonet.DataMining.Host.csproj
		SccProjectName2 = Tisonet.DataMining.Console
		SccLocalPath2 = Tisonet.DataMining.Console
		SccProjectUniqueName3 = Tisonet.DataMining.DataSets\\Tisonet.DataMining.DataSets.csproj
		SccProjectName3 = Tisonet.DataMining.DataSets
		SccLocalPath3 = Tisonet.DataMining.DataSets
		SccProjectUniqueName4 = Tisonet.DataMining.FrequentItemsets\\Tisonet.DataMining.FrequentItemsets.csproj
		SccProjectName4 = Tisonet.DataMining.FrequentItemsets
		SccLocalPath4 = Tisonet.DataMining.FrequentItemsets
		SccProjectUniqueName5 = Tisonet.DataMining.Tests\\Tisonet.DataMining.Tests.csproj
		SccProjectName5 = Tisonet.DataMining.Tests
		SccLocalPath5 = Tisonet.DataMining.Tests
		SccProjectUniqueName6 = Tisonet.DataMining\\Tisonet.DataMining.csproj
		SccProjectName6 = Tisonet.DataMining
		SccLocalPath6 = Tisonet.DataMining
	EndGlobalSection
	GlobalSection(SolutionConfigurationPlatforms) = preSolution
		Debug|Any CPU = Debug|Any CPU
		Debug|Mixed Platforms = Debug|Mixed Platforms
		Debug|Win32 = Debug|Win32
		Release|Any CPU = Release|Any CPU
		Release|Mixed Platforms = Release|Mixed Platforms
		Release|Win32 = Release|Win32
	EndGlobalSection
	GlobalSection(ProjectConfigurationPlatforms) = postSolution
		{3B28B0B8-B9D9-4B5D-A83D-595FE8268CFE}.Debug|Any CPU.ActiveCfg = Debug|Any CPU
		{3B28B0B8-B9D9-4B5D-A83D-595FE8268CFE}.Debug|Any CPU.Build.0 = Debug|Any CPU
		{3B28B0B8-B9D9-4B5D-A83D-595FE8268CFE}.Debug|Mixed Platforms.ActiveCfg = Debug|Any CPU
		{3B28B0B8-B9D9-4B5D-A83D-595FE8268CFE}.Debug|Mixed Platforms.Build.0 = Debug|Any CPU
		{3B28B0B8-B9D9-4B5D-A83D-595FE8268CFE}.Debug|Win32.ActiveCfg = Debug|Any CPU
		{3B28B0B8-B9D9-4B5D-A83D-595FE8268CFE}.Release|Any CPU.ActiveCfg = Release|Any CPU
		{3B28B0B8-B9D9-4B5D-A83D-595FE8268CFE}.Release|Any CPU.Build.0 = Release|Any CPU
		{3B28B0B8-B9D9-4B5D-A83D-595FE8268CFE}.Release|Mixed Platforms.ActiveCfg = Release|Any CPU
		{3B28B0B8-B9D9-4B5D-A83D-595FE8268CFE}.Release|Mixed Platforms.Build.0 = Release|Any CPU
		{3B28B0B8-B9D9-4B5D-A83D-595FE8268CFE}.Release|Win32.ActiveCfg = Release|Any CPU
		{6E13F126-1B54-46A4-916F-7397BD2D9C58}.Debug|Any CPU.ActiveCfg = Debug|Any CPU
		{6E13F126-1B54-46A4-916F-7397BD2D9C58}.Debug|Any CPU.Build.0 = Debug|Any CPU
		{6E13F126-1B54-46A4-916F-7397BD2D9C58}.Debug|Mixed Platforms.ActiveCfg = Debug|Any CPU
		{6E13F126-1B54-46A4-916F-7397BD2D9C58}.Debug|Mixed Platforms.Build.0 = Debug|Any CPU
		{6E13F126-1B54-46A4-916F-7397BD2D9C58}.Debug|Win32.ActiveCfg = Debug|Any CPU
		{6E13F126-1B54-46A4-916F-7397BD2D9C58}.Release|Any CPU.ActiveCfg = Release|Any CPU
		{6E13F126-1B54-46A4-916F-7397BD2D9C58}.Release|Any CPU.Build.0 = Release|Any CPU
		{6E13F126-1B54-46A4-916F-7397BD2D9C58}.Release|Mixed Platforms.ActiveCfg = Release|Any CPU
		{6E13F126-1B54-46A4-916F-7397BD2D9C58}.Release|Mixed Platforms.Build.0 = Release|Any CPU
		{6E13F126-1B54-46A4-916F-7397BD2D9C58}.Release|Win32.ActiveCfg = Release|Any CPU
		{9CF84984-57CA-4190-8AE5-7EF587DB5799}.Debug|Any CPU.ActiveCfg = Debug|Any CPU
		{9CF84984-57CA-4190-8AE5-7EF587DB5799}.Debug|Any CPU.Build.0 = Debug|Any CPU
		{9CF84984-57CA-4190-8AE5-7EF587DB5799}.Debug|Mixed Platforms.ActiveCfg = Debug|Any CPU
		{9CF84984-57CA-4190-8AE5-7EF587DB5799}.Debug|Mixed Platforms.Build.0 = Debug|Any CPU
		{9CF84984-57CA-4190-8AE5-7EF587DB5799}.Debug|Win32.ActiveCfg = Debug|Any CPU
		{9CF84984-57CA-4190-8AE5-7EF587DB5799}.Release|Any CPU.ActiveCfg = Release|Any CPU
		{9CF84984-57CA-4190-8AE5-7EF587DB5799}.Release|Any CPU.Build.0 = Release|Any CPU
		{9CF84984-57CA-4190-8AE5-7EF587DB5799}.Release|Mixed Platforms.ActiveCfg = Release|Any CPU
		{9CF84984-57CA-4190-8AE5-7EF587DB5799}.Release|Mixed Platforms.Build.0 = Release|Any CPU
		{9CF84984-57CA-4190-8AE5-7EF587DB5799}.Release|Win32.ActiveCfg = Release|Any CPU
		{7F139169-0EC4-4C6D-A42A-6ABD217CEDCF}.Debug|Any CPU.ActiveCfg = Debug|Any CPU
		{7F139169-0EC4-4C6D-A42A-6ABD217CEDCF}.Debug|Any CPU.Build.0 = Debug|Any CPU
		{7F139169-0EC4-4C6D-A42A-6ABD217CEDCF}.Debug|Mixed Platforms.ActiveCfg = Debug|Any CPU
		{7F139169-0EC4-4C6D-A42A-6ABD217CEDCF}.Debug|Mixed Platforms.Build.0 = Debug|Any CPU
		{7F139169-0EC4-4C6D-A42A-6ABD217CEDCF}.Debug|Win32.ActiveCfg = Debug|Any CPU
		{7F139169-0EC4-4C6D-A42A-6ABD217CEDCF}.Release|Any CPU.ActiveCfg = Release|Any CPU
		{7F139169-0EC4-4C6D-A42A-6ABD217CEDCF}.Release|Any CPU.Build.0 = Release|Any CPU
		{7F139169-0EC4-4C6D-A42A-6ABD217CEDCF}.Release|Mixed Platforms.ActiveCfg = Release|Any CPU
		{7F139169-0EC4-4C6D-A42A-6ABD217CEDCF}.Release|Mixed Platforms.Build.0 = Release|Any CPU
		{7F139169-0EC4-4C6D-A42A-6ABD217CEDCF}.Release|Win32.ActiveCfg = Release|Any CPU
		{F9C50D91-439E-4A8F-BA92-7D8F454226AE}.Debug|Any CPU.ActiveCfg = Debug|Any CPU
		{F9C50D91-439E-4A8F-BA92-7D8F454226AE}.Debug|Any CPU.Build.0 = Debug|Any CPU
		{F9C50D91-439E-4A8F-BA92-7D8F454226AE}.Debug|Mixed Platforms.ActiveCfg = Debug|Any CPU
		{F9C50D91-439E-4A8F-BA92-7D8F454226AE}.Debug|Mixed Platforms.Build.0 = Debug|Any CPU
		{F9C50D91-439E-4A8F-BA92-7D8F454226AE}.Debug|Win32.ActiveCfg = Debug|Any CPU
		{F9C50D91-439E-4A8F-BA92-7D8F454226AE}.Release|Any CPU.ActiveCfg = Release|Any CPU
		{F9C50D91-439E-4A8F-BA92-7D8F454226AE}.Release|Any CPU.Build.0 = Release|Any CPU
		{F9C50D91-439E-4A8F-BA92-7D8F454226AE}.Release|Mixed Platforms.ActiveCfg = Release|Any CPU
		{F9C50D91-439E-4A8F-BA92-7D8F454226AE}.Release|Mixed Platforms.Build.0 = Release|Any CPU
		{F9C50D91-439E-4A8F-BA92-7D8F454226AE}.Release|Win32.ActiveCfg = Release|Any CPU
		{1D9FF1ED-60A6-4A49-889B-9571BAD7B617}.Debug|Any CPU.ActiveCfg = Debug|Any CPU
		{1D9FF1ED-60A6-4A49-889B-9571BAD7B617}.Debug|Any CPU.Build.0 = Debug|Any CPU
		{1D9FF1ED-60A6-4A49-889B-9571BAD7B617}.Debug|Mixed Platforms.ActiveCfg = Debug|Any CPU
		{1D9FF1ED-60A6-4A49-889B-9571BAD7B617}.Debug|Mixed Platforms.Build.0 = Debug|Any CPU
		{1D9FF1ED-60A6-4A49-889B-9571BAD7B617}.Debug|Win32.ActiveCfg = Debug|Any CPU
		{1D9FF1ED-60A6-4A49-889B-9571BAD7B617}.Release|Any CPU.ActiveCfg = Release|Any CPU
		{1D9FF1ED-60A6-4A49-889B-9571BAD7B617}.Release|Any CPU.Build.0 = Release|Any CPU
		{1D9FF1ED-60A6-4A49-889B-9571BAD7B617}.Release|Mixed Platforms.ActiveCfg = Release|Any CPU
		{1D9FF1ED-60A6-4A49-889B-9571BAD7B617}.Release|Mixed Platforms.Build.0 = Release|Any CPU
		{1D9FF1ED-60A6-4A49-889B-9571BAD7B617}.Release|Win32.ActiveCfg = Release|Any CPU
	EndGlobalSection
	GlobalSection(SolutionProperties) = preSolution
		HideSolutionNode = FALSE
	EndGlobalSection
EndGlobal
